PODS:
  - BSRouter (6.6.6)
  - MineVC (6.6.8):
    - BSRouter

DEPENDENCIES:
  - MineVC (from `../`)

SPEC REPOS:
  https://github.com/a550482560/BSCMSpec.git:
    - BSRouter

EXTERNAL SOURCES:
  MineVC:
    :path: "../"

SPEC CHECKSUMS:
  BSRouter: ef4f75af080ed5ec77b70bdd3355ef0921e4a077
  MineVC: e9cc41e7e0548c61413086483370025853d1b8e5

PODFILE CHECKSUM: 147d810958d8b8b1bdc32b5ebe153ced4bae5e4b

COCOAPODS: 1.11.2
